
Microsoft Visual Studio Solution File, Format Version 12.00
Project("{FAE04EC0-301F-11D3-BF4B-00C04F79EFBC}") = "SP.Engine.Client", "SP.Engine.Client\SP.Engine.Client.csproj", "{7642F7CA-3E52-40C5-92D4-5027E977353E}"
EndProject
Project("{FAE04EC0-301F-11D3-BF4B-00C04F79EFBC}") = "SP.Engine.Server", "SP.Engine.Server\SP.Engine.Server.csproj", "{54C11566-C6BB-4037-AC9B-DFF92D0B0D46}"
EndProject
Project("{FAE04EC0-301F-11D3-BF4B-00C04F79EFBC}") = "SP.Engine.Common", "SP.Engine.Common\SP.Engine.Common.csproj", "{31B27FEA-3F24-4759-AB25-F873BFB43F4E}"
EndProject
Project("{FAE04EC0-301F-11D3-BF4B-00C04F79EFBC}") = "SP.Engine.Database", "SP.Engine.Database\SP.Engine.Database.csproj", "{F4246114-C42D-4B59-AF5C-DE6FD305A6C5}"
EndProject
Project("{FAE04EC0-301F-11D3-BF4B-00C04F79EFBC}") = "SP.Engine.Core", "SP.Engine.Core\SP.Engine.Core.csproj", "{45091294-5BB3-4443-802D-FA9B9BB0A220}"
EndProject
Global
	GlobalSection(SolutionConfigurationPlatforms) = preSolution
		Debug|Any CPU = Debug|Any CPU
		Release|Any CPU = Release|Any CPU
	EndGlobalSection
	GlobalSection(ProjectConfigurationPlatforms) = postSolution
		{7642F7CA-3E52-40C5-92D4-5027E977353E}.Debug|Any CPU.ActiveCfg = Debug|Any CPU
		{7642F7CA-3E52-40C5-92D4-5027E977353E}.Debug|Any CPU.Build.0 = Debug|Any CPU
		{7642F7CA-3E52-40C5-92D4-5027E977353E}.Release|Any CPU.ActiveCfg = Release|Any CPU
		{7642F7CA-3E52-40C5-92D4-5027E977353E}.Release|Any CPU.Build.0 = Release|Any CPU
		{54C11566-C6BB-4037-AC9B-DFF92D0B0D46}.Debug|Any CPU.ActiveCfg = Debug|Any CPU
		{54C11566-C6BB-4037-AC9B-DFF92D0B0D46}.Debug|Any CPU.Build.0 = Debug|Any CPU
		{54C11566-C6BB-4037-AC9B-DFF92D0B0D46}.Release|Any CPU.ActiveCfg = Release|Any CPU
		{54C11566-C6BB-4037-AC9B-DFF92D0B0D46}.Release|Any CPU.Build.0 = Release|Any CPU
		{31B27FEA-3F24-4759-AB25-F873BFB43F4E}.Debug|Any CPU.ActiveCfg = Debug|Any CPU
		{31B27FEA-3F24-4759-AB25-F873BFB43F4E}.Debug|Any CPU.Build.0 = Debug|Any CPU
		{31B27FEA-3F24-4759-AB25-F873BFB43F4E}.Release|Any CPU.ActiveCfg = Release|Any CPU
		{31B27FEA-3F24-4759-AB25-F873BFB43F4E}.Release|Any CPU.Build.0 = Release|Any CPU
		{F4246114-C42D-4B59-AF5C-DE6FD305A6C5}.Debug|Any CPU.ActiveCfg = Debug|Any CPU
		{F4246114-C42D-4B59-AF5C-DE6FD305A6C5}.Debug|Any CPU.Build.0 = Debug|Any CPU
		{F4246114-C42D-4B59-AF5C-DE6FD305A6C5}.Release|Any CPU.ActiveCfg = Release|Any CPU
		{F4246114-C42D-4B59-AF5C-DE6FD305A6C5}.Release|Any CPU.Build.0 = Release|Any CPU
		{45091294-5BB3-4443-802D-FA9B9BB0A220}.Debug|Any CPU.ActiveCfg = Debug|Any CPU
		{45091294-5BB3-4443-802D-FA9B9BB0A220}.Debug|Any CPU.Build.0 = Debug|Any CPU
		{45091294-5BB3-4443-802D-FA9B9BB0A220}.Release|Any CPU.ActiveCfg = Release|Any CPU
		{45091294-5BB3-4443-802D-FA9B9BB0A220}.Release|Any CPU.Build.0 = Release|Any CPU
	EndGlobalSection
EndGlobal
