
Microsoft Visual Studio Solution File, Format Version 12.00
Project("{FAE04EC0-301F-11D3-BF4B-00C04F79EFBC}") = "SP.Engine.Client", "Engine\SP.Engine.Client\SP.Engine.Client.csproj", "{7642F7CA-3E52-40C5-92D4-5027E977353E}"
EndProject
Project("{FAE04EC0-301F-11D3-BF4B-00C04F79EFBC}") = "SP.Engine.Server", "Engine\SP.Engine.Server\SP.Engine.Server.csproj", "{54C11566-C6BB-4037-AC9B-DFF92D0B0D46}"
EndProject
Project("{FAE04EC0-301F-11D3-BF4B-00C04F79EFBC}") = "SP.Core", "Core\SP.Core\SP.Core.csproj", "{31B27FEA-3F24-4759-AB25-F873BFB43F4E}"
EndProject
Project("{FAE04EC0-301F-11D3-BF4B-00C04F79EFBC}") = "SP.Engine.Runtime", "Engine\SP.Engine.Runtime\SP.Engine.Runtime.csproj", "{45091294-5BB3-4443-802D-FA9B9BB0A220}"
EndProject
Project("{2150E333-8FDC-42A3-9474-1A3956D46DE8}") = "Engine", "Engine", "{0397B9AB-3E63-4345-B5E8-E7E6D872A3E1}"
EndProject
Project("{2150E333-8FDC-42A3-9474-1A3956D46DE8}") = "Shared", "Shared", "{AA7A6D4B-10F2-4436-94DE-C959398A31C1}"
EndProject
Project("{2150E333-8FDC-42A3-9474-1A3956D46DE8}") = "External", "External", "{ACCB985D-B69F-44DE-B3CE-BD43637CE7E7}"
EndProject
Project("{2150E333-8FDC-42A3-9474-1A3956D46DE8}") = "Docs", "Docs", "{EA275D5E-F77B-4937-B6CB-EFB0B1BAC9BD}"
EndProject
Project("{FAE04EC0-301F-11D3-BF4B-00C04F79EFBC}") = "SP.Engine.Common", "Engine\SP.Engine.Common\SP.Engine.Common.csproj", "{E7A0CB32-64AF-402D-AE61-19EB5ADC43AA}"
EndProject
Project("{2150E333-8FDC-42A3-9474-1A3956D46DE8}") = "Tools", "Tools", "{B31B4670-D650-4385-9EF4-0889497C65FB}"
EndProject
Project("{FAE04EC0-301F-11D3-BF4B-00C04F79EFBC}") = "SP.Shared.Database", "Shared\SP.Shared.Database\SP.Shared.Database.csproj", "{C5C42F6B-5C4E-495B-A868-31903660B4BB}"
EndProject
Project("{FAE04EC0-301F-11D3-BF4B-00C04F79EFBC}") = "SP.Shared.Rank", "Shared\SP.Shared.Rank\SP.Shared.Rank.csproj", "{61A83767-4218-4773-8BC1-9DA1E8535D6D}"
EndProject
Project("{2150E333-8FDC-42A3-9474-1A3956D46DE8}") = "Samples", "Samples", "{A6E4C47F-D3A5-4709-846D-80FEFB5BCB07}"
EndProject
Project("{2150E333-8FDC-42A3-9474-1A3956D46DE8}") = "Core", "Core", "{7E42ECD9-27DC-419A-8973-055BA71AA94C}"
EndProject
Project("{FAE04EC0-301F-11D3-BF4B-00C04F79EFBC}") = "SP.Shared.Resource", "Shared\SP.Shared.Resource\SP.Shared.Resource.csproj", "{8BC13914-DD8C-4EA2-87EB-5BC31588716B}"
EndProject
Project("{FAE04EC0-301F-11D3-BF4B-00C04F79EFBC}") = "EchoServer", "Samples\EchoServer\EchoServer.csproj", "{9B50F48A-B6F3-4B19-A1BF-CFBDA662E742}"
EndProject
Project("{FAE04EC0-301F-11D3-BF4B-00C04F79EFBC}") = "EchoClient", "Samples\EchoClient\EchoClient.csproj", "{5C76EE66-E4FF-48E9-9409-E3653757621B}"
EndProject
Project("{FAE04EC0-301F-11D3-BF4B-00C04F79EFBC}") = "Common", "Samples\Common\Common.csproj", "{BC2512C6-22E6-4688-A947-4BB70C906136}"
EndProject
Project("{FAE04EC0-301F-11D3-BF4B-00C04F79EFBC}") = "ChatServer", "Samples\ChatServer\ChatServer.csproj", "{293095B7-E649-45D3-9994-3755B4155644}"
EndProject
Project("{FAE04EC0-301F-11D3-BF4B-00C04F79EFBC}") = "ChatClient", "Samples\ChatClient\ChatClient.csproj", "{B2D7E192-F915-4777-A1B4-54D00AC6BA8B}"
EndProject
Global
	GlobalSection(SolutionConfigurationPlatforms) = preSolution
		Debug|Any CPU = Debug|Any CPU
		Release|Any CPU = Release|Any CPU
	EndGlobalSection
	GlobalSection(ProjectConfigurationPlatforms) = postSolution
		{7642F7CA-3E52-40C5-92D4-5027E977353E}.Debug|Any CPU.ActiveCfg = Debug|Any CPU
		{7642F7CA-3E52-40C5-92D4-5027E977353E}.Debug|Any CPU.Build.0 = Debug|Any CPU
		{7642F7CA-3E52-40C5-92D4-5027E977353E}.Release|Any CPU.ActiveCfg = Release|Any CPU
		{7642F7CA-3E52-40C5-92D4-5027E977353E}.Release|Any CPU.Build.0 = Release|Any CPU
		{54C11566-C6BB-4037-AC9B-DFF92D0B0D46}.Debug|Any CPU.ActiveCfg = Debug|Any CPU
		{54C11566-C6BB-4037-AC9B-DFF92D0B0D46}.Debug|Any CPU.Build.0 = Debug|Any CPU
		{54C11566-C6BB-4037-AC9B-DFF92D0B0D46}.Release|Any CPU.ActiveCfg = Release|Any CPU
		{54C11566-C6BB-4037-AC9B-DFF92D0B0D46}.Release|Any CPU.Build.0 = Release|Any CPU
		{31B27FEA-3F24-4759-AB25-F873BFB43F4E}.Debug|Any CPU.ActiveCfg = Debug|Any CPU
		{31B27FEA-3F24-4759-AB25-F873BFB43F4E}.Debug|Any CPU.Build.0 = Debug|Any CPU
		{31B27FEA-3F24-4759-AB25-F873BFB43F4E}.Release|Any CPU.ActiveCfg = Release|Any CPU
		{31B27FEA-3F24-4759-AB25-F873BFB43F4E}.Release|Any CPU.Build.0 = Release|Any CPU
		{45091294-5BB3-4443-802D-FA9B9BB0A220}.Debug|Any CPU.ActiveCfg = Debug|Any CPU
		{45091294-5BB3-4443-802D-FA9B9BB0A220}.Debug|Any CPU.Build.0 = Debug|Any CPU
		{45091294-5BB3-4443-802D-FA9B9BB0A220}.Release|Any CPU.ActiveCfg = Release|Any CPU
		{45091294-5BB3-4443-802D-FA9B9BB0A220}.Release|Any CPU.Build.0 = Release|Any CPU
		{E7A0CB32-64AF-402D-AE61-19EB5ADC43AA}.Debug|Any CPU.ActiveCfg = Debug|Any CPU
		{E7A0CB32-64AF-402D-AE61-19EB5ADC43AA}.Debug|Any CPU.Build.0 = Debug|Any CPU
		{E7A0CB32-64AF-402D-AE61-19EB5ADC43AA}.Release|Any CPU.ActiveCfg = Release|Any CPU
		{E7A0CB32-64AF-402D-AE61-19EB5ADC43AA}.Release|Any CPU.Build.0 = Release|Any CPU
		{C5C42F6B-5C4E-495B-A868-31903660B4BB}.Debug|Any CPU.ActiveCfg = Debug|Any CPU
		{C5C42F6B-5C4E-495B-A868-31903660B4BB}.Debug|Any CPU.Build.0 = Debug|Any CPU
		{C5C42F6B-5C4E-495B-A868-31903660B4BB}.Release|Any CPU.ActiveCfg = Release|Any CPU
		{C5C42F6B-5C4E-495B-A868-31903660B4BB}.Release|Any CPU.Build.0 = Release|Any CPU
		{61A83767-4218-4773-8BC1-9DA1E8535D6D}.Debug|Any CPU.ActiveCfg = Debug|Any CPU
		{61A83767-4218-4773-8BC1-9DA1E8535D6D}.Debug|Any CPU.Build.0 = Debug|Any CPU
		{61A83767-4218-4773-8BC1-9DA1E8535D6D}.Release|Any CPU.ActiveCfg = Release|Any CPU
		{61A83767-4218-4773-8BC1-9DA1E8535D6D}.Release|Any CPU.Build.0 = Release|Any CPU
		{8BC13914-DD8C-4EA2-87EB-5BC31588716B}.Debug|Any CPU.ActiveCfg = Debug|Any CPU
		{8BC13914-DD8C-4EA2-87EB-5BC31588716B}.Debug|Any CPU.Build.0 = Debug|Any CPU
		{8BC13914-DD8C-4EA2-87EB-5BC31588716B}.Release|Any CPU.ActiveCfg = Release|Any CPU
		{8BC13914-DD8C-4EA2-87EB-5BC31588716B}.Release|Any CPU.Build.0 = Release|Any CPU
		{9B50F48A-B6F3-4B19-A1BF-CFBDA662E742}.Debug|Any CPU.ActiveCfg = Debug|Any CPU
		{9B50F48A-B6F3-4B19-A1BF-CFBDA662E742}.Debug|Any CPU.Build.0 = Debug|Any CPU
		{9B50F48A-B6F3-4B19-A1BF-CFBDA662E742}.Release|Any CPU.ActiveCfg = Release|Any CPU
		{9B50F48A-B6F3-4B19-A1BF-CFBDA662E742}.Release|Any CPU.Build.0 = Release|Any CPU
		{5C76EE66-E4FF-48E9-9409-E3653757621B}.Debug|Any CPU.ActiveCfg = Debug|Any CPU
		{5C76EE66-E4FF-48E9-9409-E3653757621B}.Debug|Any CPU.Build.0 = Debug|Any CPU
		{5C76EE66-E4FF-48E9-9409-E3653757621B}.Release|Any CPU.ActiveCfg = Release|Any CPU
		{5C76EE66-E4FF-48E9-9409-E3653757621B}.Release|Any CPU.Build.0 = Release|Any CPU
		{BC2512C6-22E6-4688-A947-4BB70C906136}.Debug|Any CPU.ActiveCfg = Debug|Any CPU
		{BC2512C6-22E6-4688-A947-4BB70C906136}.Debug|Any CPU.Build.0 = Debug|Any CPU
		{BC2512C6-22E6-4688-A947-4BB70C906136}.Release|Any CPU.ActiveCfg = Release|Any CPU
		{BC2512C6-22E6-4688-A947-4BB70C906136}.Release|Any CPU.Build.0 = Release|Any CPU
		{293095B7-E649-45D3-9994-3755B4155644}.Debug|Any CPU.ActiveCfg = Debug|Any CPU
		{293095B7-E649-45D3-9994-3755B4155644}.Debug|Any CPU.Build.0 = Debug|Any CPU
		{293095B7-E649-45D3-9994-3755B4155644}.Release|Any CPU.ActiveCfg = Release|Any CPU
		{293095B7-E649-45D3-9994-3755B4155644}.Release|Any CPU.Build.0 = Release|Any CPU
		{B2D7E192-F915-4777-A1B4-54D00AC6BA8B}.Debug|Any CPU.ActiveCfg = Debug|Any CPU
		{B2D7E192-F915-4777-A1B4-54D00AC6BA8B}.Debug|Any CPU.Build.0 = Debug|Any CPU
		{B2D7E192-F915-4777-A1B4-54D00AC6BA8B}.Release|Any CPU.ActiveCfg = Release|Any CPU
		{B2D7E192-F915-4777-A1B4-54D00AC6BA8B}.Release|Any CPU.Build.0 = Release|Any CPU
	EndGlobalSection
	GlobalSection(NestedProjects) = preSolution
		{7642F7CA-3E52-40C5-92D4-5027E977353E} = {0397B9AB-3E63-4345-B5E8-E7E6D872A3E1}
		{45091294-5BB3-4443-802D-FA9B9BB0A220} = {0397B9AB-3E63-4345-B5E8-E7E6D872A3E1}
		{54C11566-C6BB-4037-AC9B-DFF92D0B0D46} = {0397B9AB-3E63-4345-B5E8-E7E6D872A3E1}
		{E7A0CB32-64AF-402D-AE61-19EB5ADC43AA} = {0397B9AB-3E63-4345-B5E8-E7E6D872A3E1}
		{C5C42F6B-5C4E-495B-A868-31903660B4BB} = {AA7A6D4B-10F2-4436-94DE-C959398A31C1}
		{61A83767-4218-4773-8BC1-9DA1E8535D6D} = {AA7A6D4B-10F2-4436-94DE-C959398A31C1}
		{31B27FEA-3F24-4759-AB25-F873BFB43F4E} = {7E42ECD9-27DC-419A-8973-055BA71AA94C}
		{8BC13914-DD8C-4EA2-87EB-5BC31588716B} = {AA7A6D4B-10F2-4436-94DE-C959398A31C1}
		{9B50F48A-B6F3-4B19-A1BF-CFBDA662E742} = {A6E4C47F-D3A5-4709-846D-80FEFB5BCB07}
		{5C76EE66-E4FF-48E9-9409-E3653757621B} = {A6E4C47F-D3A5-4709-846D-80FEFB5BCB07}
		{BC2512C6-22E6-4688-A947-4BB70C906136} = {A6E4C47F-D3A5-4709-846D-80FEFB5BCB07}
		{293095B7-E649-45D3-9994-3755B4155644} = {A6E4C47F-D3A5-4709-846D-80FEFB5BCB07}
		{B2D7E192-F915-4777-A1B4-54D00AC6BA8B} = {A6E4C47F-D3A5-4709-846D-80FEFB5BCB07}
	EndGlobalSection
EndGlobal
