
Microsoft Visual Studio Solution File, Format Version 12.00
Project("{FAE04EC0-301F-11D3-BF4B-00C04F79EFBC}") = "SP.Engine.Client", "Engine\SP.Engine.Client\SP.Engine.Client.csproj", "{7642F7CA-3E52-40C5-92D4-5027E977353E}"
EndProject
Project("{FAE04EC0-301F-11D3-BF4B-00C04F79EFBC}") = "SP.Engine.Server", "Engine\SP.Engine.Server\SP.Engine.Server.csproj", "{54C11566-C6BB-4037-AC9B-DFF92D0B0D46}"
EndProject
Project("{FAE04EC0-301F-11D3-BF4B-00C04F79EFBC}") = "SP.Core", "Core\SP.Core\SP.Core.csproj", "{31B27FEA-3F24-4759-AB25-F873BFB43F4E}"
EndProject
Project("{FAE04EC0-301F-11D3-BF4B-00C04F79EFBC}") = "SP.Engine.Runtime", "Engine\SP.Engine.Runtime\SP.Engine.Runtime.csproj", "{45091294-5BB3-4443-802D-FA9B9BB0A220}"
EndProject
Project("{2150E333-8FDC-42A3-9474-1A3956D46DE8}") = "Engine", "Engine", "{0397B9AB-3E63-4345-B5E8-E7E6D872A3E1}"
EndProject
Project("{2150E333-8FDC-42A3-9474-1A3956D46DE8}") = "Shared", "Shared", "{AA7A6D4B-10F2-4436-94DE-C959398A31C1}"
EndProject
Project("{2150E333-8FDC-42A3-9474-1A3956D46DE8}") = "External", "External", "{ACCB985D-B69F-44DE-B3CE-BD43637CE7E7}"
EndProject
Project("{2150E333-8FDC-42A3-9474-1A3956D46DE8}") = "Docs", "Docs", "{EA275D5E-F77B-4937-B6CB-EFB0B1BAC9BD}"
EndProject
Project("{FAE04EC0-301F-11D3-BF4B-00C04F79EFBC}") = "SP.Engine.Protocol", "Engine\SP.Engine.Protocol\SP.Engine.Protocol.csproj", "{E7A0CB32-64AF-402D-AE61-19EB5ADC43AA}"
EndProject
Project("{2150E333-8FDC-42A3-9474-1A3956D46DE8}") = "Tools", "Tools", "{B31B4670-D650-4385-9EF4-0889497C65FB}"
EndProject
Project("{FAE04EC0-301F-11D3-BF4B-00C04F79EFBC}") = "Common", "Samples\Common\Common.csproj", "{6EF356FE-FC8E-4BB6-862C-02FF06CEE6DA}"
EndProject
Project("{FAE04EC0-301F-11D3-BF4B-00C04F79EFBC}") = "SP.Shared.Database", "Shared\SP.Shared.Database\SP.Shared.Database.csproj", "{C5C42F6B-5C4E-495B-A868-31903660B4BB}"
EndProject
Project("{FAE04EC0-301F-11D3-BF4B-00C04F79EFBC}") = "SP.Shared.Rank", "Shared\SP.Shared.Rank\SP.Shared.Rank.csproj", "{61A83767-4218-4773-8BC1-9DA1E8535D6D}"
EndProject
Project("{FAE04EC0-301F-11D3-BF4B-00C04F79EFBC}") = "RankServer", "Samples\RankServer\RankServer.csproj", "{89FA160D-F9E1-474A-8B9D-73A20748493A}"
EndProject
Project("{FAE04EC0-301F-11D3-BF4B-00C04F79EFBC}") = "GameServer", "Samples\GameServer\GameServer.csproj", "{C4B09D6C-3EE9-43DD-8F8C-7C5051E49717}"
EndProject
Project("{FAE04EC0-301F-11D3-BF4B-00C04F79EFBC}") = "GameClient", "Samples\GameClient\GameClient.csproj", "{0D9E6249-C92D-47D0-B3AA-1B80386EEE89}"
EndProject
Project("{FAE04EC0-301F-11D3-BF4B-00C04F79EFBC}") = "DatabaseHandler", "Samples\DatabaseHandler\DatabaseHandler.csproj", "{62C2DB60-0C9C-4E4B-881F-04CE68D275E5}"
EndProject
Project("{2150E333-8FDC-42A3-9474-1A3956D46DE8}") = "Samples", "Samples", "{A6E4C47F-D3A5-4709-846D-80FEFB5BCB07}"
EndProject
Project("{2150E333-8FDC-42A3-9474-1A3956D46DE8}") = "Core", "Core", "{7E42ECD9-27DC-419A-8973-055BA71AA94C}"
EndProject
Project("{FAE04EC0-301F-11D3-BF4B-00C04F79EFBC}") = "ResourceServer", "Samples\ResourceServer\ResourceServer.csproj", "{0216047C-CB43-4FFE-8F3D-98B6435756EB}"
EndProject
Project("{FAE04EC0-301F-11D3-BF4B-00C04F79EFBC}") = "SP.Shared.Resource", "Shared\SP.Shared.Resource\SP.Shared.Resource.csproj", "{8BC13914-DD8C-4EA2-87EB-5BC31588716B}"
EndProject
Project("{FAE04EC0-301F-11D3-BF4B-00C04F79EFBC}") = "OperationTool", "Tools\OperationTool\OperationTool.csproj", "{0191692F-AA11-4BB4-8956-5156E66F9AD1}"
EndProject
Global
	GlobalSection(SolutionConfigurationPlatforms) = preSolution
		Debug|Any CPU = Debug|Any CPU
		Release|Any CPU = Release|Any CPU
	EndGlobalSection
	GlobalSection(ProjectConfigurationPlatforms) = postSolution
		{7642F7CA-3E52-40C5-92D4-5027E977353E}.Debug|Any CPU.ActiveCfg = Debug|Any CPU
		{7642F7CA-3E52-40C5-92D4-5027E977353E}.Debug|Any CPU.Build.0 = Debug|Any CPU
		{7642F7CA-3E52-40C5-92D4-5027E977353E}.Release|Any CPU.ActiveCfg = Release|Any CPU
		{7642F7CA-3E52-40C5-92D4-5027E977353E}.Release|Any CPU.Build.0 = Release|Any CPU
		{54C11566-C6BB-4037-AC9B-DFF92D0B0D46}.Debug|Any CPU.ActiveCfg = Debug|Any CPU
		{54C11566-C6BB-4037-AC9B-DFF92D0B0D46}.Debug|Any CPU.Build.0 = Debug|Any CPU
		{54C11566-C6BB-4037-AC9B-DFF92D0B0D46}.Release|Any CPU.ActiveCfg = Release|Any CPU
		{54C11566-C6BB-4037-AC9B-DFF92D0B0D46}.Release|Any CPU.Build.0 = Release|Any CPU
		{31B27FEA-3F24-4759-AB25-F873BFB43F4E}.Debug|Any CPU.ActiveCfg = Debug|Any CPU
		{31B27FEA-3F24-4759-AB25-F873BFB43F4E}.Debug|Any CPU.Build.0 = Debug|Any CPU
		{31B27FEA-3F24-4759-AB25-F873BFB43F4E}.Release|Any CPU.ActiveCfg = Release|Any CPU
		{31B27FEA-3F24-4759-AB25-F873BFB43F4E}.Release|Any CPU.Build.0 = Release|Any CPU
		{45091294-5BB3-4443-802D-FA9B9BB0A220}.Debug|Any CPU.ActiveCfg = Debug|Any CPU
		{45091294-5BB3-4443-802D-FA9B9BB0A220}.Debug|Any CPU.Build.0 = Debug|Any CPU
		{45091294-5BB3-4443-802D-FA9B9BB0A220}.Release|Any CPU.ActiveCfg = Release|Any CPU
		{45091294-5BB3-4443-802D-FA9B9BB0A220}.Release|Any CPU.Build.0 = Release|Any CPU
		{E7A0CB32-64AF-402D-AE61-19EB5ADC43AA}.Debug|Any CPU.ActiveCfg = Debug|Any CPU
		{E7A0CB32-64AF-402D-AE61-19EB5ADC43AA}.Debug|Any CPU.Build.0 = Debug|Any CPU
		{E7A0CB32-64AF-402D-AE61-19EB5ADC43AA}.Release|Any CPU.ActiveCfg = Release|Any CPU
		{E7A0CB32-64AF-402D-AE61-19EB5ADC43AA}.Release|Any CPU.Build.0 = Release|Any CPU
		{6EF356FE-FC8E-4BB6-862C-02FF06CEE6DA}.Debug|Any CPU.ActiveCfg = Debug|Any CPU
		{6EF356FE-FC8E-4BB6-862C-02FF06CEE6DA}.Debug|Any CPU.Build.0 = Debug|Any CPU
		{6EF356FE-FC8E-4BB6-862C-02FF06CEE6DA}.Release|Any CPU.ActiveCfg = Release|Any CPU
		{6EF356FE-FC8E-4BB6-862C-02FF06CEE6DA}.Release|Any CPU.Build.0 = Release|Any CPU
		{C5C42F6B-5C4E-495B-A868-31903660B4BB}.Debug|Any CPU.ActiveCfg = Debug|Any CPU
		{C5C42F6B-5C4E-495B-A868-31903660B4BB}.Debug|Any CPU.Build.0 = Debug|Any CPU
		{C5C42F6B-5C4E-495B-A868-31903660B4BB}.Release|Any CPU.ActiveCfg = Release|Any CPU
		{C5C42F6B-5C4E-495B-A868-31903660B4BB}.Release|Any CPU.Build.0 = Release|Any CPU
		{61A83767-4218-4773-8BC1-9DA1E8535D6D}.Debug|Any CPU.ActiveCfg = Debug|Any CPU
		{61A83767-4218-4773-8BC1-9DA1E8535D6D}.Debug|Any CPU.Build.0 = Debug|Any CPU
		{61A83767-4218-4773-8BC1-9DA1E8535D6D}.Release|Any CPU.ActiveCfg = Release|Any CPU
		{61A83767-4218-4773-8BC1-9DA1E8535D6D}.Release|Any CPU.Build.0 = Release|Any CPU
		{89FA160D-F9E1-474A-8B9D-73A20748493A}.Debug|Any CPU.ActiveCfg = Debug|Any CPU
		{89FA160D-F9E1-474A-8B9D-73A20748493A}.Debug|Any CPU.Build.0 = Debug|Any CPU
		{89FA160D-F9E1-474A-8B9D-73A20748493A}.Release|Any CPU.ActiveCfg = Release|Any CPU
		{89FA160D-F9E1-474A-8B9D-73A20748493A}.Release|Any CPU.Build.0 = Release|Any CPU
		{C4B09D6C-3EE9-43DD-8F8C-7C5051E49717}.Debug|Any CPU.ActiveCfg = Debug|Any CPU
		{C4B09D6C-3EE9-43DD-8F8C-7C5051E49717}.Debug|Any CPU.Build.0 = Debug|Any CPU
		{C4B09D6C-3EE9-43DD-8F8C-7C5051E49717}.Release|Any CPU.ActiveCfg = Release|Any CPU
		{C4B09D6C-3EE9-43DD-8F8C-7C5051E49717}.Release|Any CPU.Build.0 = Release|Any CPU
		{0D9E6249-C92D-47D0-B3AA-1B80386EEE89}.Debug|Any CPU.ActiveCfg = Debug|Any CPU
		{0D9E6249-C92D-47D0-B3AA-1B80386EEE89}.Debug|Any CPU.Build.0 = Debug|Any CPU
		{0D9E6249-C92D-47D0-B3AA-1B80386EEE89}.Release|Any CPU.ActiveCfg = Release|Any CPU
		{0D9E6249-C92D-47D0-B3AA-1B80386EEE89}.Release|Any CPU.Build.0 = Release|Any CPU
		{62C2DB60-0C9C-4E4B-881F-04CE68D275E5}.Debug|Any CPU.ActiveCfg = Debug|Any CPU
		{62C2DB60-0C9C-4E4B-881F-04CE68D275E5}.Debug|Any CPU.Build.0 = Debug|Any CPU
		{62C2DB60-0C9C-4E4B-881F-04CE68D275E5}.Release|Any CPU.ActiveCfg = Release|Any CPU
		{62C2DB60-0C9C-4E4B-881F-04CE68D275E5}.Release|Any CPU.Build.0 = Release|Any CPU
		{0216047C-CB43-4FFE-8F3D-98B6435756EB}.Debug|Any CPU.ActiveCfg = Debug|Any CPU
		{0216047C-CB43-4FFE-8F3D-98B6435756EB}.Debug|Any CPU.Build.0 = Debug|Any CPU
		{0216047C-CB43-4FFE-8F3D-98B6435756EB}.Release|Any CPU.ActiveCfg = Release|Any CPU
		{0216047C-CB43-4FFE-8F3D-98B6435756EB}.Release|Any CPU.Build.0 = Release|Any CPU
		{8BC13914-DD8C-4EA2-87EB-5BC31588716B}.Debug|Any CPU.ActiveCfg = Debug|Any CPU
		{8BC13914-DD8C-4EA2-87EB-5BC31588716B}.Debug|Any CPU.Build.0 = Debug|Any CPU
		{8BC13914-DD8C-4EA2-87EB-5BC31588716B}.Release|Any CPU.ActiveCfg = Release|Any CPU
		{8BC13914-DD8C-4EA2-87EB-5BC31588716B}.Release|Any CPU.Build.0 = Release|Any CPU
		{0191692F-AA11-4BB4-8956-5156E66F9AD1}.Debug|Any CPU.ActiveCfg = Debug|Any CPU
		{0191692F-AA11-4BB4-8956-5156E66F9AD1}.Debug|Any CPU.Build.0 = Debug|Any CPU
		{0191692F-AA11-4BB4-8956-5156E66F9AD1}.Release|Any CPU.ActiveCfg = Release|Any CPU
		{0191692F-AA11-4BB4-8956-5156E66F9AD1}.Release|Any CPU.Build.0 = Release|Any CPU
	EndGlobalSection
	GlobalSection(NestedProjects) = preSolution
		{7642F7CA-3E52-40C5-92D4-5027E977353E} = {0397B9AB-3E63-4345-B5E8-E7E6D872A3E1}
		{45091294-5BB3-4443-802D-FA9B9BB0A220} = {0397B9AB-3E63-4345-B5E8-E7E6D872A3E1}
		{54C11566-C6BB-4037-AC9B-DFF92D0B0D46} = {0397B9AB-3E63-4345-B5E8-E7E6D872A3E1}
		{E7A0CB32-64AF-402D-AE61-19EB5ADC43AA} = {0397B9AB-3E63-4345-B5E8-E7E6D872A3E1}
		{C5C42F6B-5C4E-495B-A868-31903660B4BB} = {AA7A6D4B-10F2-4436-94DE-C959398A31C1}
		{61A83767-4218-4773-8BC1-9DA1E8535D6D} = {AA7A6D4B-10F2-4436-94DE-C959398A31C1}
		{6EF356FE-FC8E-4BB6-862C-02FF06CEE6DA} = {A6E4C47F-D3A5-4709-846D-80FEFB5BCB07}
		{0D9E6249-C92D-47D0-B3AA-1B80386EEE89} = {A6E4C47F-D3A5-4709-846D-80FEFB5BCB07}
		{C4B09D6C-3EE9-43DD-8F8C-7C5051E49717} = {A6E4C47F-D3A5-4709-846D-80FEFB5BCB07}
		{89FA160D-F9E1-474A-8B9D-73A20748493A} = {A6E4C47F-D3A5-4709-846D-80FEFB5BCB07}
		{62C2DB60-0C9C-4E4B-881F-04CE68D275E5} = {A6E4C47F-D3A5-4709-846D-80FEFB5BCB07}
		{31B27FEA-3F24-4759-AB25-F873BFB43F4E} = {7E42ECD9-27DC-419A-8973-055BA71AA94C}
		{8BC13914-DD8C-4EA2-87EB-5BC31588716B} = {AA7A6D4B-10F2-4436-94DE-C959398A31C1}
		{0216047C-CB43-4FFE-8F3D-98B6435756EB} = {A6E4C47F-D3A5-4709-846D-80FEFB5BCB07}
		{0191692F-AA11-4BB4-8956-5156E66F9AD1} = {B31B4670-D650-4385-9EF4-0889497C65FB}
	EndGlobalSection
EndGlobal
